
Microsoft Visual Studio Solution File, Format Version 12.00
# Visual Studio 14
VisualStudioVersion = 14.0.25123.0
MinimumVisualStudioVersion = 10.0.40219.1
Project("{2150E333-8FDC-42A3-9474-1A3956D46DE8}") = "src", "src", "{BEC8A9C9-BA8E-4411-8CA8-DDEACF7B04F7}"
EndProject
Project("{2150E333-8FDC-42A3-9474-1A3956D46DE8}") = "Solution Items", "Solution Items", "{BFA634B5-2D06-4F53-B36B-D0DE52BAD597}"
	ProjectSection(SolutionItems) = preProject
		global.json = global.json
	EndProjectSection
EndProject
Project("{8BB2217D-0F2D-49D1-97BC-3654ED321F3B}") = "WebApiTests", "src\WebApiTests\WebApiTests.xproj", "{A99085A6-0008-4873-A183-D5578C6D9FBC}"
EndProject
Global
	GlobalSection(SolutionConfigurationPlatforms) = preSolution
		Debug|Any CPU = Debug|Any CPU
		Release|Any CPU = Release|Any CPU
	EndGlobalSection
	GlobalSection(ProjectConfigurationPlatforms) = postSolution
		{A99085A6-0008-4873-A183-D5578C6D9FBC}.Debug|Any CPU.ActiveCfg = Debug|Any CPU
		{A99085A6-0008-4873-A183-D5578C6D9FBC}.Debug|Any CPU.Build.0 = Debug|Any CPU
		{A99085A6-0008-4873-A183-D5578C6D9FBC}.Release|Any CPU.ActiveCfg = Release|Any CPU
		{A99085A6-0008-4873-A183-D5578C6D9FBC}.Release|Any CPU.Build.0 = Release|Any CPU
	EndGlobalSection
	GlobalSection(SolutionProperties) = preSolution
		HideSolutionNode = FALSE
	EndGlobalSection
	GlobalSection(NestedProjects) = preSolution
		{A99085A6-0008-4873-A183-D5578C6D9FBC} = {BEC8A9C9-BA8E-4411-8CA8-DDEACF7B04F7}
	EndGlobalSection
EndGlobal
